{
  "lockfileVersion": 1,
  "configVersion": 1,
  "workspaces": {
    "": {
      "name": "local-server",
      "dependencies": {
        "@aws-sdk/client-sqs": "^3.1002.0",
        "commander": "^14.0.3",
        "consola": "^3.4.2",
        "execa": "^9.6.1",
        "glob": "^13.0.6",
        "inquirer": "^13.3.0",
        "js-yaml": "^4.1.1",
      },
      "devDependencies": {
        "@types/inquirer": "^9.0.9",
        "@types/js-yaml": "^4.0.9",
        "@types/node": "^25.3.3",
        "prettier": "3.8.1",
        "typescript": "^5.9.3",
      },
    },
  },
  "packages": {
    "@aws-crypto/sha256-browser": ["@aws-crypto/sha256-browser@5.2.0", "", { "dependencies": { "@aws-crypto/sha256-js": "^5.2.0", "@aws-crypto/supports-web-crypto": "^5.2.0", "@aws-crypto/util": "^5.2.0", "@aws-sdk/types": "^3.222.0", "@aws-sdk/util-locate-window": "^3.0.0", "@smithy/util-utf8": "^2.0.0", "tslib": "^2.6.2" } }, "sha512-AXfN/lGotSQwu6HNcEsIASo7kWXZ5HYWvfOmSNKDsEqC4OashTp8alTmaz+F7TC2L083SFv5RdB+qU3Vs1kZqw=="],

    "@aws-crypto/sha256-js": ["@aws-crypto/sha256-js@5.2.0", "", { "dependencies": { "@aws-crypto/util": "^5.2.0", "@aws-sdk/types": "^3.222.0", "tslib": "^2.6.2" } }, "sha512-FFQQyu7edu4ufvIZ+OadFpHHOt+eSTBaYaki44c+akjg7qZg9oOQeLlk77F6tSYqjDAFClrHJk9tMf0HdVyOvA=="],

    "@aws-crypto/supports-web-crypto": ["@aws-crypto/supports-web-crypto@5.2.0", "", { "dependencies": { "tslib": "^2.6.2" } }, "sha512-iAvUotm021kM33eCdNfwIN//F77/IADDSs58i+MDaOqFrVjZo9bAal0NK7HurRuWLLpF1iLX7gbWrjHjeo+YFg=="],

    "@aws-crypto/util": ["@aws-crypto/util@5.2.0", "", { "dependencies": { "@aws-sdk/types": "^3.222.0", "@smithy/util-utf8": "^2.0.0", "tslib": "^2.6.2" } }, "sha512-4RkU9EsI6ZpBve5fseQlGNUWKMa1RLPQ1dnjnQoe07ldfIzcsGb5hC5W0Dm7u423KWzawlrpbjXBrXCEv9zazQ=="],

    "@aws-sdk/client-sqs": ["@aws-sdk/client-sqs@3.1003.0", "", { "dependencies": { "@aws-crypto/sha256-browser": "5.2.0", "@aws-crypto/sha256-js": "5.2.0", "@aws-sdk/core": "^3.973.18", "@aws-sdk/credential-provider-node": "^3.972.17", "@aws-sdk/middleware-host-header": "^3.972.7", "@aws-sdk/middleware-logger": "^3.972.7", "@aws-sdk/middleware-recursion-detection": "^3.972.7", "@aws-sdk/middleware-sdk-sqs": "^3.972.13", "@aws-sdk/middleware-user-agent": "^3.972.18", "@aws-sdk/region-config-resolver": "^3.972.7", "@aws-sdk/types": "^3.973.5", "@aws-sdk/util-endpoints": "^3.996.4", "@aws-sdk/util-user-agent-browser": "^3.972.7", "@aws-sdk/util-user-agent-node": "^3.973.3", "@smithy/config-resolver": "^4.4.10", "@smithy/core": "^3.23.8", "@smithy/fetch-http-handler": "^5.3.13", "@smithy/hash-node": "^4.2.11", "@smithy/invalid-dependency": "^4.2.11", "@smithy/md5-js": "^4.2.11", "@smithy/middleware-content-length": "^4.2.11", "@smithy/middleware-endpoint": "^4.4.22", "@smithy/middleware-retry": "^4.4.39", "@smithy/middleware-serde": "^4.2.12", "@smithy/middleware-stack": "^4.2.11", "@smithy/node-config-provider": "^4.3.11", "@smithy/node-http-handler": "^4.4.14", "@smithy/protocol-http": "^5.3.11", "@smithy/smithy-client": "^4.12.2", "@smithy/types": "^4.13.0", "@smithy/url-parser": "^4.2.11", "@smithy/util-base64": "^4.3.2", "@smithy/util-body-length-browser": "^4.2.2", "@smithy/util-body-length-node": "^4.2.3", "@smithy/util-defaults-mode-browser": "^4.3.38", "@smithy/util-defaults-mode-node": "^4.2.41", "@smithy/util-endpoints": "^3.3.2", "@smithy/util-middleware": "^4.2.11", "@smithy/util-retry": "^4.2.11", "@smithy/util-utf8": "^4.2.2", "tslib": "^2.6.2" } }, "sha512-/oReHb8C0iINjxk+qYQcFvwHjh+VUZjI3UhMIZsD156XfTxxR/DjoaNFq3CwrWr2Q5/LiWQm8mNha1YHnmHmQw=="],

    "@aws-sdk/core": ["@aws-sdk/core@3.973.18", "", { "dependencies": { "@aws-sdk/types": "^3.973.5", "@aws-sdk/xml-builder": "^3.972.10", "@smithy/core": "^3.23.8", "@smithy/node-config-provider": "^4.3.11", "@smithy/property-provider": "^4.2.11", "@smithy/protocol-http": "^5.3.11", "@smithy/signature-v4": "^5.3.11", "@smithy/smithy-client": "^4.12.2", "@smithy/types": "^4.13.0", "@smithy/util-base64": "^4.3.2", "@smithy/util-middleware": "^4.2.11", "@smithy/util-utf8": "^4.2.2", "tslib": "^2.6.2" } }, "sha512-GUIlegfcK2LO1J2Y98sCJy63rQSiLiDOgVw7HiHPRqfI2vb3XozTVqemwO0VSGXp54ngCnAQz0Lf0YPCBINNxA=="],

    "@aws-sdk/credential-provider-env": ["@aws-sdk/credential-provider-env@3.972.16", "", { "dependencies": { "@aws-sdk/core": "^3.973.18", "@aws-sdk/types": "^3.973.5", "@smithy/property-provider": "^4.2.11", "@smithy/types": "^4.13.0", "tslib": "^2.6.2" } }, "sha512-HrdtnadvTGAQUr18sPzGlE5El3ICphnH6SU7UQOMOWFgRKbTRNN8msTxM4emzguUso9CzaHU2xy5ctSrmK5YNA=="],

    "@aws-sdk/credential-provider-http": ["@aws-sdk/credential-provider-http@3.972.18", "", { "dependencies": { "@aws-sdk/core": "^3.973.18", "@aws-sdk/types": "^3.973.5", "@smithy/fetch-http-handler": "^5.3.13", "@smithy/node-http-handler": "^4.4.14", "@smithy/property-provider": "^4.2.11", "@smithy/protocol-http": "^5.3.11", "@smithy/smithy-client": "^4.12.2", "@smithy/types": "^4.13.0", "@smithy/util-stream": "^4.5.17", "tslib": "^2.6.2" } }, "sha512-NyB6smuZAixND5jZumkpkunQ0voc4Mwgkd+SZ6cvAzIB7gK8HV8Zd4rS8Kn5MmoGgusyNfVGG+RLoYc4yFiw+A=="],

    "@aws-sdk/credential-provider-ini": ["@aws-sdk/credential-provider-ini@3.972.16", "", { "dependencies": { "@aws-sdk/core": "^3.973.18", "@aws-sdk/credential-provider-env": "^3.972.16", "@aws-sdk/credential-provider-http": "^3.972.18", "@aws-sdk/credential-provider-login": "^3.972.16", "@aws-sdk/credential-provider-process": "^3.972.16", "@aws-sdk/credential-provider-sso": "^3.972.16", "@aws-sdk/credential-provider-web-identity": "^3.972.16", "@aws-sdk/nested-clients": "^3.996.6", "@aws-sdk/types": "^3.973.5", "@smithy/credential-provider-imds": "^4.2.11", "@smithy/property-provider": "^4.2.11", "@smithy/shared-ini-file-loader": "^4.4.6", "@smithy/types": "^4.13.0", "tslib": "^2.6.2" } }, "sha512-hzAnzNXKV0A4knFRWGu2NCt72P4WWxpEGnOc6H3DptUjC4oX3hGw846oN76M1rTHAOwDdbhjU0GAOWR4OUfTZg=="],

    "@aws-sdk/credential-provider-login": ["@aws-sdk/credential-provider-login@3.972.16", "", { "dependencies": { "@aws-sdk/core": "^3.973.18", "@aws-sdk/nested-clients": "^3.996.6", "@aws-sdk/types": "^3.973.5", "@smithy/property-provider": "^4.2.11", "@smithy/protocol-http": "^5.3.11", "@smithy/shared-ini-file-loader": "^4.4.6", "@smithy/types": "^4.13.0", "tslib": "^2.6.2" } }, "sha512-VI0kXTlr0o1FTay+Jvx6AKqx5ECBgp7X4VevGBEbuXdCXnNp7SPU0KvjsOLVhIz3OoPK4/lTXphk43t0IVk65w=="],

    "@aws-sdk/credential-provider-node": ["@aws-sdk/credential-provider-node@3.972.17", "", { "dependencies": { "@aws-sdk/credential-provider-env": "^3.972.16", "@aws-sdk/credential-provider-http": "^3.972.18", "@aws-sdk/credential-provider-ini": "^3.972.16", "@aws-sdk/credential-provider-process": "^3.972.16", "@aws-sdk/credential-provider-sso": "^3.972.16", "@aws-sdk/credential-provider-web-identity": "^3.972.16", "@aws-sdk/types": "^3.973.5", "@smithy/credential-provider-imds": "^4.2.11", "@smithy/property-provider": "^4.2.11", "@smithy/shared-ini-file-loader": "^4.4.6", "@smithy/types": "^4.13.0", "tslib": "^2.6.2" } }, "sha512-98MAcQ2Dk7zkvgwZ5f6fLX2lTyptC3gTSDx4EpvTdJWET8qs9lBPYggoYx7GmKp/5uk0OwVl0hxIDZsDNS/Y9g=="],

    "@aws-sdk/credential-provider-process": ["@aws-sdk/credential-provider-process@3.972.16", "", { "dependencies": { "@aws-sdk/core": "^3.973.18", "@aws-sdk/types": "^3.973.5", "@smithy/property-provider": "^4.2.11", "@smithy/shared-ini-file-loader": "^4.4.6", "@smithy/types": "^4.13.0", "tslib": "^2.6.2" } }, "sha512-n89ibATwnLEg0ZdZmUds5bq8AfBAdoYEDpqP3uzPLaRuGelsKlIvCYSNNvfgGLi8NaHPNNhs1HjJZYbqkW9b+g=="],

    "@aws-sdk/credential-provider-sso": ["@aws-sdk/credential-provider-sso@3.972.16", "", { "dependencies": { "@aws-sdk/core": "^3.973.18", "@aws-sdk/nested-clients": "^3.996.6", "@aws-sdk/token-providers": "3.1003.0", "@aws-sdk/types": "^3.973.5", "@smithy/property-provider": "^4.2.11", "@smithy/shared-ini-file-loader": "^4.4.6", "@smithy/types": "^4.13.0", "tslib": "^2.6.2" } }, "sha512-b9of7tQgERxgcEcwAFWvRe84ivw+Kw6b3jVuz/6LQzonkomiY5UoWfprkbjc8FSCQ2VjDqKTvIRA9F0KSQ025w=="],

    "@aws-sdk/credential-provider-web-identity": ["@aws-sdk/credential-provider-web-identity@3.972.16", "", { "dependencies": { "@aws-sdk/core": "^3.973.18", "@aws-sdk/nested-clients": "^3.996.6", "@aws-sdk/types": "^3.973.5", "@smithy/property-provider": "^4.2.11", "@smithy/shared-ini-file-loader": "^4.4.6", "@smithy/types": "^4.13.0", "tslib": "^2.6.2" } }, "sha512-PaOH5jFoPQX4WkqpKzKh9cM7rieKtbgEGqrZ+ybGmotJhcvhI/xl69yCwMbHGnpQJJmHZIX9q2zaPB7HTBn/4w=="],

    "@aws-sdk/middleware-host-header": ["@aws-sdk/middleware-host-header@3.972.7", "", { "dependencies": { "@aws-sdk/types": "^3.973.5", "@smithy/protocol-http": "^5.3.11", "@smithy/types": "^4.13.0", "tslib": "^2.6.2" } }, "sha512-aHQZgztBFEpDU1BB00VWCIIm85JjGjQW1OG9+98BdmaOpguJvzmXBGbnAiYcciCd+IS4e9BEq664lhzGnWJHgQ=="],

    "@aws-sdk/middleware-logger": ["@aws-sdk/middleware-logger@3.972.7", "", { "dependencies": { "@aws-sdk/types": "^3.973.5", "@smithy/types": "^4.13.0", "tslib": "^2.6.2" } }, "sha512-LXhiWlWb26txCU1vcI9PneESSeRp/RYY/McuM4SpdrimQR5NgwaPb4VJCadVeuGWgh6QmqZ6rAKSoL1ob16W6w=="],

    "@aws-sdk/middleware-recursion-detection": ["@aws-sdk/middleware-recursion-detection@3.972.7", "", { "dependencies": { "@aws-sdk/types": "^3.973.5", "@aws/lambda-invoke-store": "^0.2.2", "@smithy/protocol-http": "^5.3.11", "@smithy/types": "^4.13.0", "tslib": "^2.6.2" } }, "sha512-l2VQdcBcYLzIzykCHtXlbpiVCZ94/xniLIkAj0jpnpjY4xlgZx7f56Ypn+uV1y3gG0tNVytJqo3K9bfMFee7SQ=="],

    "@aws-sdk/middleware-sdk-sqs": ["@aws-sdk/middleware-sdk-sqs@3.972.13", "", { "dependencies": { "@aws-sdk/types": "^3.973.5", "@smithy/smithy-client": "^4.12.2", "@smithy/types": "^4.13.0", "@smithy/util-hex-encoding": "^4.2.2", "@smithy/util-utf8": "^4.2.2", "tslib": "^2.6.2" } }, "sha512-DiGD+Q636hk1+nTq/zSZe1Ih5GhEwmOzH/3oR3A+0/53hVK8E4OWFqAf9dwPE9pufp4mCmn/bE6qU8mE9Q6sig=="],

    "@aws-sdk/middleware-user-agent": ["@aws-sdk/middleware-user-agent@3.972.18", "", { "dependencies": { "@aws-sdk/core": "^3.973.18", "@aws-sdk/types": "^3.973.5", "@aws-sdk/util-endpoints": "^3.996.4", "@smithy/core": "^3.23.8", "@smithy/protocol-http": "^5.3.11", "@smithy/types": "^4.13.0", "tslib": "^2.6.2" } }, "sha512-KcqQDs/7WtoEnp52+879f8/i1XAJkgka5i4arOtOCPR10o4wWo3VRecDI9Gxoh6oghmLCnIiOSKyRcXI/50E+w=="],

    "@aws-sdk/nested-clients": ["@aws-sdk/nested-clients@3.996.6", "", { "dependencies": { "@aws-crypto/sha256-browser": "5.2.0", "@aws-crypto/sha256-js": "5.2.0", "@aws-sdk/core": "^3.973.18", "@aws-sdk/middleware-host-header": "^3.972.7", "@aws-sdk/middleware-logger": "^3.972.7", "@aws-sdk/middleware-recursion-detection": "^3.972.7", "@aws-sdk/middleware-user-agent": "^3.972.18", "@aws-sdk/region-config-resolver": "^3.972.7", "@aws-sdk/types": "^3.973.5", "@aws-sdk/util-endpoints": "^3.996.4", "@aws-sdk/util-user-agent-browser": "^3.972.7", "@aws-sdk/util-user-agent-node": "^3.973.3", "@smithy/config-resolver": "^4.4.10", "@smithy/core": "^3.23.8", "@smithy/fetch-http-handler": "^5.3.13", "@smithy/hash-node": "^4.2.11", "@smithy/invalid-dependency": "^4.2.11", "@smithy/middleware-content-length": "^4.2.11", "@smithy/middleware-endpoint": "^4.4.22", "@smithy/middleware-retry": "^4.4.39", "@smithy/middleware-serde": "^4.2.12", "@smithy/middleware-stack": "^4.2.11", "@smithy/node-config-provider": "^4.3.11", "@smithy/node-http-handler": "^4.4.14", "@smithy/protocol-http": "^5.3.11", "@smithy/smithy-client": "^4.12.2", "@smithy/types": "^4.13.0", "@smithy/url-parser": "^4.2.11", "@smithy/util-base64": "^4.3.2", "@smithy/util-body-length-browser": "^4.2.2", "@smithy/util-body-length-node": "^4.2.3", "@smithy/util-defaults-mode-browser": "^4.3.38", "@smithy/util-defaults-mode-node": "^4.2.41", "@smithy/util-endpoints": "^3.3.2", "@smithy/util-middleware": "^4.2.11", "@smithy/util-retry": "^4.2.11", "@smithy/util-utf8": "^4.2.2", "tslib": "^2.6.2" } }, "sha512-blNJ3ugn4gCQ9ZSZi/firzKCvVl5LvPFVxv24LprENeWI4R8UApG006UQkF4SkmLygKq2BQXRad2/anQ13Te4Q=="],

    "@aws-sdk/region-config-resolver": ["@aws-sdk/region-config-resolver@3.972.7", "", { "dependencies": { "@aws-sdk/types": "^3.973.5", "@smithy/config-resolver": "^4.4.10", "@smithy/node-config-provider": "^4.3.11", "@smithy/types": "^4.13.0", "tslib": "^2.6.2" } }, "sha512-/Ev/6AI8bvt4HAAptzSjThGUMjcWaX3GX8oERkB0F0F9x2dLSBdgFDiyrRz3i0u0ZFZFQ1b28is4QhyqXTUsVA=="],

    "@aws-sdk/token-providers": ["@aws-sdk/token-providers@3.1003.0", "", { "dependencies": { "@aws-sdk/core": "^3.973.18", "@aws-sdk/nested-clients": "^3.996.6", "@aws-sdk/types": "^3.973.5", "@smithy/property-provider": "^4.2.11", "@smithy/shared-ini-file-loader": "^4.4.6", "@smithy/types": "^4.13.0", "tslib": "^2.6.2" } }, "sha512-SOyyWNdT7njKRwtZ1JhwHlH1csv6Pkgf305X96/OIfnhq1pU/EjmT6W6por57rVrjrKuHBuEIXgpWv8OgoMHpg=="],

    "@aws-sdk/types": ["@aws-sdk/types@3.973.5", "", { "dependencies": { "@smithy/types": "^4.13.0", "tslib": "^2.6.2" } }, "sha512-hl7BGwDCWsjH8NkZfx+HgS7H2LyM2lTMAI7ba9c8O0KqdBLTdNJivsHpqjg9rNlAlPyREb6DeDRXUl0s8uFdmQ=="],

    "@aws-sdk/util-endpoints": ["@aws-sdk/util-endpoints@3.996.4", "", { "dependencies": { "@aws-sdk/types": "^3.973.5", "@smithy/types": "^4.13.0", "@smithy/url-parser": "^4.2.11", "@smithy/util-endpoints": "^3.3.2", "tslib": "^2.6.2" } }, "sha512-Hek90FBmd4joCFj+Vc98KLJh73Zqj3s2W56gjAcTkrNLMDI5nIFkG9YpfcJiVI1YlE2Ne1uOQNe+IgQ/Vz2XRA=="],

    "@aws-sdk/util-locate-window": ["@aws-sdk/util-locate-window@3.965.5", "", { "dependencies": { "tslib": "^2.6.2" } }, "sha512-WhlJNNINQB+9qtLtZJcpQdgZw3SCDCpXdUJP7cToGwHbCWCnRckGlc6Bx/OhWwIYFNAn+FIydY8SZ0QmVu3xTQ=="],

    "@aws-sdk/util-user-agent-browser": ["@aws-sdk/util-user-agent-browser@3.972.7", "", { "dependencies": { "@aws-sdk/types": "^3.973.5", "@smithy/types": "^4.13.0", "bowser": "^2.11.0", "tslib": "^2.6.2" } }, "sha512-7SJVuvhKhMF/BkNS1n0QAJYgvEwYbK2QLKBrzDiwQGiTRU6Yf1f3nehTzm/l21xdAOtWSfp2uWSddPnP2ZtsVw=="],

    "@aws-sdk/util-user-agent-node": ["@aws-sdk/util-user-agent-node@3.973.3", "", { "dependencies": { "@aws-sdk/middleware-user-agent": "^3.972.18", "@aws-sdk/types": "^3.973.5", "@smithy/node-config-provider": "^4.3.11", "@smithy/types": "^4.13.0", "tslib": "^2.6.2" }, "peerDependencies": { "aws-crt": ">=1.0.0" }, "optionalPeers": ["aws-crt"] }, "sha512-8s2cQmTUOwcBlIJyI9PAZNnnnF+cGtdhHc1yzMMsSD/GR/Hxj7m0IGUE92CslXXb8/p5Q76iqOCjN1GFwyf+1A=="],

    "@aws-sdk/xml-builder": ["@aws-sdk/xml-builder@3.972.10", "", { "dependencies": { "@smithy/types": "^4.13.0", "fast-xml-parser": "5.4.1", "tslib": "^2.6.2" } }, "sha512-OnejAIVD+CxzyAUrVic7lG+3QRltyja9LoNqCE/1YVs8ichoTbJlVSaZ9iSMcnHLyzrSNtvaOGjSDRP+d/ouFA=="],

    "@aws/lambda-invoke-store": ["@aws/lambda-invoke-store@0.2.3", "", {}, "sha512-oLvsaPMTBejkkmHhjf09xTgk71mOqyr/409NKhRIL08If7AhVfUsJhVsx386uJaqNd42v9kWamQ9lFbkoC2dYw=="],

    "@inquirer/ansi": ["@inquirer/ansi@2.0.3", "", {}, "sha512-g44zhR3NIKVs0zUesa4iMzExmZpLUdTLRMCStqX3GE5NT6VkPcxQGJ+uC8tDgBUC/vB1rUhUd55cOf++4NZcmw=="],

    "@inquirer/checkbox": ["@inquirer/checkbox@5.1.0", "", { "dependencies": { "@inquirer/ansi": "^2.0.3", "@inquirer/core": "^11.1.5", "@inquirer/figures": "^2.0.3", "@inquirer/type": "^4.0.3" }, "peerDependencies": { "@types/node": ">=18" }, "optionalPeers": ["@types/node"] }, "sha512-/HjF1LN0a1h4/OFsbGKHNDtWICFU/dqXCdym719HFTyJo9IG7Otr+ziGWc9S0iQuohRZllh+WprSgd5UW5Fw0g=="],

    "@inquirer/confirm": ["@inquirer/confirm@6.0.8", "", { "dependencies": { "@inquirer/core": "^11.1.5", "@inquirer/type": "^4.0.3" }, "peerDependencies": { "@types/node": ">=18" }, "optionalPeers": ["@types/node"] }, "sha512-Di6dgmiZ9xCSUxWUReWTqDtbhXCuG2MQm2xmgSAIruzQzBqNf49b8E07/vbCYY506kDe8BiwJbegXweG8M1klw=="],

    "@inquirer/core": ["@inquirer/core@11.1.5", "", { "dependencies": { "@inquirer/ansi": "^2.0.3", "@inquirer/figures": "^2.0.3", "@inquirer/type": "^4.0.3", "cli-width": "^4.1.0", "fast-wrap-ansi": "^0.2.0", "mute-stream": "^3.0.0", "signal-exit": "^4.1.0" }, "peerDependencies": { "@types/node": ">=18" }, "optionalPeers": ["@types/node"] }, "sha512-QQPAX+lka8GyLcZ7u7Nb1h6q72iZ/oy0blilC3IB2nSt1Qqxp7akt94Jqhi/DzARuN3Eo9QwJRvtl4tmVe4T5A=="],

    "@inquirer/editor": ["@inquirer/editor@5.0.8", "", { "dependencies": { "@inquirer/core": "^11.1.5", "@inquirer/external-editor": "^2.0.3", "@inquirer/type": "^4.0.3" }, "peerDependencies": { "@types/node": ">=18" }, "optionalPeers": ["@types/node"] }, "sha512-sLcpbb9B3XqUEGrj1N66KwhDhEckzZ4nI/W6SvLXyBX8Wic3LDLENlWRvkOGpCPoserabe+MxQkpiMoI8irvyA=="],

    "@inquirer/expand": ["@inquirer/expand@5.0.8", "", { "dependencies": { "@inquirer/core": "^11.1.5", "@inquirer/type": "^4.0.3" }, "peerDependencies": { "@types/node": ">=18" }, "optionalPeers": ["@types/node"] }, "sha512-QieW3F1prNw3j+hxO7/NKkG1pk3oz7pOB6+5Upwu3OIwADfPX0oZVppsqlL+Vl/uBHHDSOBY0BirLctLnXwGGg=="],

    "@inquirer/external-editor": ["@inquirer/external-editor@2.0.3", "", { "dependencies": { "chardet": "^2.1.1", "iconv-lite": "^0.7.2" }, "peerDependencies": { "@types/node": ">=18" }, "optionalPeers": ["@types/node"] }, "sha512-LgyI7Agbda74/cL5MvA88iDpvdXI2KuMBCGRkbCl2Dg1vzHeOgs+s0SDcXV7b+WZJrv2+ERpWSM65Fpi9VfY3w=="],

    "@inquirer/figures": ["@inquirer/figures@2.0.3", "", {}, "sha512-y09iGt3JKoOCBQ3w4YrSJdokcD8ciSlMIWsD+auPu+OZpfxLuyz+gICAQ6GCBOmJJt4KEQGHuZSVff2jiNOy7g=="],

    "@inquirer/input": ["@inquirer/input@5.0.8", "", { "dependencies": { "@inquirer/core": "^11.1.5", "@inquirer/type": "^4.0.3" }, "peerDependencies": { "@types/node": ">=18" }, "optionalPeers": ["@types/node"] }, "sha512-p0IJslw0AmedLEkOU+yrEX3Aj2RTpQq7ZOf8nc1DIhjzaxRWrrgeuE5Kyh39fVRgtcACaMXx/9WNo8+GjgBOfw=="],

    "@inquirer/number": ["@inquirer/number@4.0.8", "", { "dependencies": { "@inquirer/core": "^11.1.5", "@inquirer/type": "^4.0.3" }, "peerDependencies": { "@types/node": ">=18" }, "optionalPeers": ["@types/node"] }, "sha512-uGLiQah9A0F9UIvJBX52m0CnqtLaym0WpT9V4YZrjZ+YRDKZdwwoEPz06N6w8ChE2lrnsdyhY9sL+Y690Kh9gQ=="],

    "@inquirer/password": ["@inquirer/password@5.0.8", "", { "dependencies": { "@inquirer/ansi": "^2.0.3", "@inquirer/core": "^11.1.5", "@inquirer/type": "^4.0.3" }, "peerDependencies": { "@types/node": ">=18" }, "optionalPeers": ["@types/node"] }, "sha512-zt1sF4lYLdvPqvmvHdmjOzuUUjuCQ897pdUCO8RbXMUDKXJTTyOQgtn23le+jwcb+MpHl3VAFvzIdxRAf6aPlA=="],

    "@inquirer/prompts": ["@inquirer/prompts@8.3.0", "", { "dependencies": { "@inquirer/checkbox": "^5.1.0", "@inquirer/confirm": "^6.0.8", "@inquirer/editor": "^5.0.8", "@inquirer/expand": "^5.0.8", "@inquirer/input": "^5.0.8", "@inquirer/number": "^4.0.8", "@inquirer/password": "^5.0.8", "@inquirer/rawlist": "^5.2.4", "@inquirer/search": "^4.1.4", "@inquirer/select": "^5.1.0" }, "peerDependencies": { "@types/node": ">=18" }, "optionalPeers": ["@types/node"] }, "sha512-JAj66kjdH/F1+B7LCigjARbwstt3SNUOSzMdjpsvwJmzunK88gJeXmcm95L9nw1KynvFVuY4SzXh/3Y0lvtgSg=="],

    "@inquirer/rawlist": ["@inquirer/rawlist@5.2.4", "", { "dependencies": { "@inquirer/core": "^11.1.5", "@inquirer/type": "^4.0.3" }, "peerDependencies": { "@types/node": ">=18" }, "optionalPeers": ["@types/node"] }, "sha512-fTuJ5Cq9W286isLxwj6GGyfTjx1Zdk4qppVEPexFuA6yioCCXS4V1zfKroQqw7QdbDPN73xs2DiIAlo55+kBqg=="],

    "@inquirer/search": ["@inquirer/search@4.1.4", "", { "dependencies": { "@inquirer/core": "^11.1.5", "@inquirer/figures": "^2.0.3", "@inquirer/type": "^4.0.3" }, "peerDependencies": { "@types/node": ">=18" }, "optionalPeers": ["@types/node"] }, "sha512-9yPTxq7LPmYjrGn3DRuaPuPbmC6u3fiWcsE9ggfLcdgO/ICHYgxq7mEy1yJ39brVvgXhtOtvDVjDh9slJxE4LQ=="],

    "@inquirer/select": ["@inquirer/select@5.1.0", "", { "dependencies": { "@inquirer/ansi": "^2.0.3", "@inquirer/core": "^11.1.5", "@inquirer/figures": "^2.0.3", "@inquirer/type": "^4.0.3" }, "peerDependencies": { "@types/node": ">=18" }, "optionalPeers": ["@types/node"] }, "sha512-OyYbKnchS1u+zRe14LpYrN8S0wH1vD0p2yKISvSsJdH2TpI87fh4eZdWnpdbrGauCRWDph3NwxRmM4Pcm/hx1Q=="],

    "@inquirer/type": ["@inquirer/type@4.0.3", "", { "peerDependencies": { "@types/node": ">=18" }, "optionalPeers": ["@types/node"] }, "sha512-cKZN7qcXOpj1h+1eTTcGDVLaBIHNMT1Rz9JqJP5MnEJ0JhgVWllx7H/tahUp5YEK1qaByH2Itb8wLG/iScD5kw=="],

    "@sec-ant/readable-stream": ["@sec-ant/readable-stream@0.4.1", "", {}, "sha512-831qok9r2t8AlxLko40y2ebgSDhenenCatLVeW/uBtnHPyhHOvG0C7TvfgecV+wHzIm5KUICgzmVpWS+IMEAeg=="],

    "@sindresorhus/merge-streams": ["@sindresorhus/merge-streams@4.0.0", "", {}, "sha512-tlqY9xq5ukxTUZBmoOp+m61cqwQD5pHJtFY3Mn8CA8ps6yghLH/Hw8UPdqg4OLmFW3IFlcXnQNmo/dh8HzXYIQ=="],

    "@smithy/abort-controller": ["@smithy/abort-controller@4.2.11", "", { "dependencies": { "@smithy/types": "^4.13.0", "tslib": "^2.6.2" } }, "sha512-Hj4WoYWMJnSpM6/kchsm4bUNTL9XiSyhvoMb2KIq4VJzyDt7JpGHUZHkVNPZVC7YE1tf8tPeVauxpFBKGW4/KQ=="],

    "@smithy/config-resolver": ["@smithy/config-resolver@4.4.10", "", { "dependencies": { "@smithy/node-config-provider": "^4.3.11", "@smithy/types": "^4.13.0", "@smithy/util-config-provider": "^4.2.2", "@smithy/util-endpoints": "^3.3.2", "@smithy/util-middleware": "^4.2.11", "tslib": "^2.6.2" } }, "sha512-IRTkd6ps0ru+lTWnfnsbXzW80A8Od8p3pYiZnW98K2Hb20rqfsX7VTlfUwhrcOeSSy68Gn9WBofwPuw3e5CCsg=="],

    "@smithy/core": ["@smithy/core@3.23.8", "", { "dependencies": { "@smithy/middleware-serde": "^4.2.12", "@smithy/protocol-http": "^5.3.11", "@smithy/types": "^4.13.0", "@smithy/util-base64": "^4.3.2", "@smithy/util-body-length-browser": "^4.2.2", "@smithy/util-middleware": "^4.2.11", "@smithy/util-stream": "^4.5.17", "@smithy/util-utf8": "^4.2.2", "@smithy/uuid": "^1.1.2", "tslib": "^2.6.2" } }, "sha512-f7uPeBi7ehmLT4YF2u9j3qx6lSnurG1DLXOsTtJrIRNDF7VXio4BGHQ+SQteN/BrUVudbkuL4v7oOsRCzq4BqA=="],

    "@smithy/credential-provider-imds": ["@smithy/credential-provider-imds@4.2.11", "", { "dependencies": { "@smithy/node-config-provider": "^4.3.11", "@smithy/property-provider": "^4.2.11", "@smithy/types": "^4.13.0", "@smithy/url-parser": "^4.2.11", "tslib": "^2.6.2" } }, "sha512-lBXrS6ku0kTj3xLmsJW0WwqWbGQ6ueooYyp/1L9lkyT0M02C+DWwYwc5aTyXFbRaK38ojALxNixg+LxKSHZc0g=="],

    "@smithy/fetch-http-handler": ["@smithy/fetch-http-handler@5.3.13", "", { "dependencies": { "@smithy/protocol-http": "^5.3.11", "@smithy/querystring-builder": "^4.2.11", "@smithy/types": "^4.13.0", "@smithy/util-base64": "^4.3.2", "tslib": "^2.6.2" } }, "sha512-U2Hcfl2s3XaYjikN9cT4mPu8ybDbImV3baXR0PkVlC0TTx808bRP3FaPGAzPtB8OByI+JqJ1kyS+7GEgae7+qQ=="],

    "@smithy/hash-node": ["@smithy/hash-node@4.2.11", "", { "dependencies": { "@smithy/types": "^4.13.0", "@smithy/util-buffer-from": "^4.2.2", "@smithy/util-utf8": "^4.2.2", "tslib": "^2.6.2" } }, "sha512-T+p1pNynRkydpdL015ruIoyPSRw9e/SQOWmSAMmmprfswMrd5Ow5igOWNVlvyVFZlxXqGmyH3NQwfwy8r5Jx0A=="],

    "@smithy/invalid-dependency": ["@smithy/invalid-dependency@4.2.11", "", { "dependencies": { "@smithy/types": "^4.13.0", "tslib": "^2.6.2" } }, "sha512-cGNMrgykRmddrNhYy1yBdrp5GwIgEkniS7k9O1VLB38yxQtlvrxpZtUVvo6T4cKpeZsriukBuuxfJcdZQc/f/g=="],

    "@smithy/is-array-buffer": ["@smithy/is-array-buffer@4.2.2", "", { "dependencies": { "tslib": "^2.6.2" } }, "sha512-n6rQ4N8Jj4YTQO3YFrlgZuwKodf4zUFs7EJIWH86pSCWBaAtAGBFfCM7Wx6D2bBJ2xqFNxGBSrUWswT3M0VJow=="],

    "@smithy/md5-js": ["@smithy/md5-js@4.2.11", "", { "dependencies": { "@smithy/types": "^4.13.0", "@smithy/util-utf8": "^4.2.2", "tslib": "^2.6.2" } }, "sha512-350X4kGIrty0Snx2OWv7rPM6p6vM7RzryvFs6B/56Cux3w3sChOb3bymo5oidXJlPcP9fIRxGUCk7GqpiSOtng=="],

    "@smithy/middleware-content-length": ["@smithy/middleware-content-length@4.2.11", "", { "dependencies": { "@smithy/protocol-http": "^5.3.11", "@smithy/types": "^4.13.0", "tslib": "^2.6.2" } }, "sha512-UvIfKYAKhCzr4p6jFevPlKhQwyQwlJ6IeKLDhmV1PlYfcW3RL4ROjNEDtSik4NYMi9kDkH7eSwyTP3vNJ/u/Dw=="],

    "@smithy/middleware-endpoint": ["@smithy/middleware-endpoint@4.4.22", "", { "dependencies": { "@smithy/core": "^3.23.8", "@smithy/middleware-serde": "^4.2.12", "@smithy/node-config-provider": "^4.3.11", "@smithy/shared-ini-file-loader": "^4.4.6", "@smithy/types": "^4.13.0", "@smithy/url-parser": "^4.2.11", "@smithy/util-middleware": "^4.2.11", "tslib": "^2.6.2" } }, "sha512-sc81w1o4Jy+/MAQlY3sQ8C7CmSpcvIi3TAzXblUv2hjG11BBSJi/Cw8vDx5BxMxapuH2I+Gc+45vWsgU07WZRQ=="],

    "@smithy/middleware-retry": ["@smithy/middleware-retry@4.4.39", "", { "dependencies": { "@smithy/node-config-provider": "^4.3.11", "@smithy/protocol-http": "^5.3.11", "@smithy/service-error-classification": "^4.2.11", "@smithy/smithy-client": "^4.12.2", "@smithy/types": "^4.13.0", "@smithy/util-middleware": "^4.2.11", "@smithy/util-retry": "^4.2.11", "@smithy/uuid": "^1.1.2", "tslib": "^2.6.2" } }, "sha512-MCVCxaCzuZgiHtHGV2Ke44nh6t4+8/tO+rTYOzrr2+G4nMLU/qbzNCWKBX54lyEaVcGQrfOJiG2f8imtiw+nIQ=="],

    "@smithy/middleware-serde": ["@smithy/middleware-serde@4.2.12", "", { "dependencies": { "@smithy/protocol-http": "^5.3.11", "@smithy/types": "^4.13.0", "tslib": "^2.6.2" } }, "sha512-W9g1bOLui7Xn5FABRVS0o3rXL0gfN37d/8I/W7i0N7oxjx9QecUmXEMSUMADTODwdtka9cN43t5BI2CodLJpng=="],

    "@smithy/middleware-stack": ["@smithy/middleware-stack@4.2.11", "", { "dependencies": { "@smithy/types": "^4.13.0", "tslib": "^2.6.2" } }, "sha512-s+eenEPW6RgliDk2IhjD2hWOxIx1NKrOHxEwNUaUXxYBxIyCcDfNULZ2Mu15E3kwcJWBedTET/kEASPV1A1Akg=="],

    "@smithy/node-config-provider": ["@smithy/node-config-provider@4.3.11", "", { "dependencies": { "@smithy/property-provider": "^4.2.11", "@smithy/shared-ini-file-loader": "^4.4.6", "@smithy/types": "^4.13.0", "tslib": "^2.6.2" } }, "sha512-xD17eE7kaLgBBGf5CZQ58hh2YmwK1Z0O8YhffwB/De2jsL0U3JklmhVYJ9Uf37OtUDLF2gsW40Xwwag9U869Gg=="],

    "@smithy/node-http-handler": ["@smithy/node-http-handler@4.4.14", "", { "dependencies": { "@smithy/abort-controller": "^4.2.11", "@smithy/protocol-http": "^5.3.11", "@smithy/querystring-builder": "^4.2.11", "@smithy/types": "^4.13.0", "tslib": "^2.6.2" } }, "sha512-DamSqaU8nuk0xTJDrYnRzZndHwwRnyj/n/+RqGGCcBKB4qrQem0mSDiWdupaNWdwxzyMU91qxDmHOCazfhtO3A=="],

    "@smithy/property-provider": ["@smithy/property-provider@4.2.11", "", { "dependencies": { "@smithy/types": "^4.13.0", "tslib": "^2.6.2" } }, "sha512-14T1V64o6/ndyrnl1ze1ZhyLzIeYNN47oF/QU6P5m82AEtyOkMJTb0gO1dPubYjyyKuPD6OSVMPDKe+zioOnCg=="],

    "@smithy/protocol-http": ["@smithy/protocol-http@5.3.11", "", { "dependencies": { "@smithy/types": "^4.13.0", "tslib": "^2.6.2" } }, "sha512-hI+barOVDJBkNt4y0L2mu3Ugc0w7+BpJ2CZuLwXtSltGAAwCb3IvnalGlbDV/UCS6a9ZuT3+exd1WxNdLb5IlQ=="],

    "@smithy/querystring-builder": ["@smithy/querystring-builder@4.2.11", "", { "dependencies": { "@smithy/types": "^4.13.0", "@smithy/util-uri-escape": "^4.2.2", "tslib": "^2.6.2" } }, "sha512-7spdikrYiljpket6u0up2Ck2mxhy7dZ0+TDd+S53Dg2DHd6wg+YNJrTCHiLdgZmEXZKI7LJZcwL3721ZRDFiqA=="],

    "@smithy/querystring-parser": ["@smithy/querystring-parser@4.2.11", "", { "dependencies": { "@smithy/types": "^4.13.0", "tslib": "^2.6.2" } }, "sha512-nE3IRNjDltvGcoThD2abTozI1dkSy8aX+a2N1Rs55en5UsdyyIXgGEmevUL3okZFoJC77JgRGe99xYohhsjivQ=="],

    "@smithy/service-error-classification": ["@smithy/service-error-classification@4.2.11", "", { "dependencies": { "@smithy/types": "^4.13.0" } }, "sha512-HkMFJZJUhzU3HvND1+Yw/kYWXp4RPDLBWLcK1n+Vqw8xn4y2YiBhdww8IxhkQjP/QlZun5bwm3vcHc8AqIU3zw=="],

    "@smithy/shared-ini-file-loader": ["@smithy/shared-ini-file-loader@4.4.6", "", { "dependencies": { "@smithy/types": "^4.13.0", "tslib": "^2.6.2" } }, "sha512-IB/M5I8G0EeXZTHsAxpx51tMQ5R719F3aq+fjEB6VtNcCHDc0ajFDIGDZw+FW9GxtEkgTduiPpjveJdA/CX7sw=="],

    "@smithy/signature-v4": ["@smithy/signature-v4@5.3.11", "", { "dependencies": { "@smithy/is-array-buffer": "^4.2.2", "@smithy/protocol-http": "^5.3.11", "@smithy/types": "^4.13.0", "@smithy/util-hex-encoding": "^4.2.2", "@smithy/util-middleware": "^4.2.11", "@smithy/util-uri-escape": "^4.2.2", "@smithy/util-utf8": "^4.2.2", "tslib": "^2.6.2" } }, "sha512-V1L6N9aKOBAN4wEHLyqjLBnAz13mtILU0SeDrjOaIZEeN6IFa6DxwRt1NNpOdmSpQUfkBj0qeD3m6P77uzMhgQ=="],

    "@smithy/smithy-client": ["@smithy/smithy-client@4.12.2", "", { "dependencies": { "@smithy/core": "^3.23.8", "@smithy/middleware-endpoint": "^4.4.22", "@smithy/middleware-stack": "^4.2.11", "@smithy/protocol-http": "^5.3.11", "@smithy/types": "^4.13.0", "@smithy/util-stream": "^4.5.17", "tslib": "^2.6.2" } }, "sha512-HezY3UuG0k4T+4xhFKctLXCA5N2oN+Rtv+mmL8Gt7YmsUY2yhmcLyW75qrSzldfj75IsCW/4UhY3s20KcFnZqA=="],

    "@smithy/types": ["@smithy/types@4.13.0", "", { "dependencies": { "tslib": "^2.6.2" } }, "sha512-COuLsZILbbQsdrwKQpkkpyep7lCsByxwj7m0Mg5v66/ZTyenlfBc40/QFQ5chO0YN/PNEH1Bi3fGtfXPnYNeDw=="],

    "@smithy/url-parser": ["@smithy/url-parser@4.2.11", "", { "dependencies": { "@smithy/querystring-parser": "^4.2.11", "@smithy/types": "^4.13.0", "tslib": "^2.6.2" } }, "sha512-oTAGGHo8ZYc5VZsBREzuf5lf2pAurJQsccMusVZ85wDkX66ojEc/XauiGjzCj50A61ObFTPe6d7Pyt6UBYaing=="],

    "@smithy/util-base64": ["@smithy/util-base64@4.3.2", "", { "dependencies": { "@smithy/util-buffer-from": "^4.2.2", "@smithy/util-utf8": "^4.2.2", "tslib": "^2.6.2" } }, "sha512-XRH6b0H/5A3SgblmMa5ErXQ2XKhfbQB+Fm/oyLZ2O2kCUrwgg55bU0RekmzAhuwOjA9qdN5VU2BprOvGGUkOOQ=="],

    "@smithy/util-body-length-browser": ["@smithy/util-body-length-browser@4.2.2", "", { "dependencies": { "tslib": "^2.6.2" } }, "sha512-JKCrLNOup3OOgmzeaKQwi4ZCTWlYR5H4Gm1r2uTMVBXoemo1UEghk5vtMi1xSu2ymgKVGW631e2fp9/R610ZjQ=="],

    "@smithy/util-body-length-node": ["@smithy/util-body-length-node@4.2.3", "", { "dependencies": { "tslib": "^2.6.2" } }, "sha512-ZkJGvqBzMHVHE7r/hcuCxlTY8pQr1kMtdsVPs7ex4mMU+EAbcXppfo5NmyxMYi2XU49eqaz56j2gsk4dHHPG/g=="],

    "@smithy/util-buffer-from": ["@smithy/util-buffer-from@4.2.2", "", { "dependencies": { "@smithy/is-array-buffer": "^4.2.2", "tslib": "^2.6.2" } }, "sha512-FDXD7cvUoFWwN6vtQfEta540Y/YBe5JneK3SoZg9bThSoOAC/eGeYEua6RkBgKjGa/sz6Y+DuBZj3+YEY21y4Q=="],

    "@smithy/util-config-provider": ["@smithy/util-config-provider@4.2.2", "", { "dependencies": { "tslib": "^2.6.2" } }, "sha512-dWU03V3XUprJwaUIFVv4iOnS1FC9HnMHDfUrlNDSh4315v0cWyaIErP8KiqGVbf5z+JupoVpNM7ZB3jFiTejvQ=="],

    "@smithy/util-defaults-mode-browser": ["@smithy/util-defaults-mode-browser@4.3.38", "", { "dependencies": { "@smithy/property-provider": "^4.2.11", "@smithy/smithy-client": "^4.12.2", "@smithy/types": "^4.13.0", "tslib": "^2.6.2" } }, "sha512-c8P1mFLNxcsdAMabB8/VUQUbWzFmgujWi4bAXSggcqLYPc8V4U5abqFqOyn+dK4YT+q8UyCVkTO8807t4t2syA=="],

    "@smithy/util-defaults-mode-node": ["@smithy/util-defaults-mode-node@4.2.41", "", { "dependencies": { "@smithy/config-resolver": "^4.4.10", "@smithy/credential-provider-imds": "^4.2.11", "@smithy/node-config-provider": "^4.3.11", "@smithy/property-provider": "^4.2.11", "@smithy/smithy-client": "^4.12.2", "@smithy/types": "^4.13.0", "tslib": "^2.6.2" } }, "sha512-/UG+9MT3UZAR0fLzOtMJMfWGcjjHvgggq924x/CRy8vRbL+yFf3Z6vETlvq8vDH92+31P/1gSOFoo7303wN8WQ=="],

    "@smithy/util-endpoints": ["@smithy/util-endpoints@3.3.2", "", { "dependencies": { "@smithy/node-config-provider": "^4.3.11", "@smithy/types": "^4.13.0", "tslib": "^2.6.2" } }, "sha512-+4HFLpE5u29AbFlTdlKIT7jfOzZ8PDYZKTb3e+AgLz986OYwqTourQ5H+jg79/66DB69Un1+qKecLnkZdAsYcA=="],

    "@smithy/util-hex-encoding": ["@smithy/util-hex-encoding@4.2.2", "", { "dependencies": { "tslib": "^2.6.2" } }, "sha512-Qcz3W5vuHK4sLQdyT93k/rfrUwdJ8/HZ+nMUOyGdpeGA1Wxt65zYwi3oEl9kOM+RswvYq90fzkNDahPS8K0OIg=="],

    "@smithy/util-middleware": ["@smithy/util-middleware@4.2.11", "", { "dependencies": { "@smithy/types": "^4.13.0", "tslib": "^2.6.2" } }, "sha512-r3dtF9F+TpSZUxpOVVtPfk09Rlo4lT6ORBqEvX3IBT6SkQAdDSVKR5GcfmZbtl7WKhKnmb3wbDTQ6ibR2XHClw=="],

    "@smithy/util-retry": ["@smithy/util-retry@4.2.11", "", { "dependencies": { "@smithy/service-error-classification": "^4.2.11", "@smithy/types": "^4.13.0", "tslib": "^2.6.2" } }, "sha512-XSZULmL5x6aCTTii59wJqKsY1l3eMIAomRAccW7Tzh9r8s7T/7rdo03oektuH5jeYRlJMPcNP92EuRDvk9aXbw=="],

    "@smithy/util-stream": ["@smithy/util-stream@4.5.17", "", { "dependencies": { "@smithy/fetch-http-handler": "^5.3.13", "@smithy/node-http-handler": "^4.4.14", "@smithy/types": "^4.13.0", "@smithy/util-base64": "^4.3.2", "@smithy/util-buffer-from": "^4.2.2", "@smithy/util-hex-encoding": "^4.2.2", "@smithy/util-utf8": "^4.2.2", "tslib": "^2.6.2" } }, "sha512-793BYZ4h2JAQkNHcEnyFxDTcZbm9bVybD0UV/LEWmZ5bkTms7JqjfrLMi2Qy0E5WFcCzLwCAPgcvcvxoeALbAQ=="],

    "@smithy/util-uri-escape": ["@smithy/util-uri-escape@4.2.2", "", { "dependencies": { "tslib": "^2.6.2" } }, "sha512-2kAStBlvq+lTXHyAZYfJRb/DfS3rsinLiwb+69SstC9Vb0s9vNWkRwpnj918Pfi85mzi42sOqdV72OLxWAISnw=="],

    "@smithy/util-utf8": ["@smithy/util-utf8@4.2.2", "", { "dependencies": { "@smithy/util-buffer-from": "^4.2.2", "tslib": "^2.6.2" } }, "sha512-75MeYpjdWRe8M5E3AW0O4Cx3UadweS+cwdXjwYGBW5h/gxxnbeZ877sLPX/ZJA9GVTlL/qG0dXP29JWFCD1Ayw=="],

    "@smithy/uuid": ["@smithy/uuid@1.1.2", "", { "dependencies": { "tslib": "^2.6.2" } }, "sha512-O/IEdcCUKkubz60tFbGA7ceITTAJsty+lBjNoorP4Z6XRqaFb/OjQjZODophEcuq68nKm6/0r+6/lLQ+XVpk8g=="],

    "@types/inquirer": ["@types/inquirer@9.0.9", "", { "dependencies": { "@types/through": "*", "rxjs": "^7.2.0" } }, "sha512-/mWx5136gts2Z2e5izdoRCo46lPp5TMs9R15GTSsgg/XnZyxDWVqoVU3R9lWnccKpqwsJLvRoxbCjoJtZB7DSw=="],

    "@types/js-yaml": ["@types/js-yaml@4.0.9", "", {}, "sha512-k4MGaQl5TGo/iipqb2UDG2UwjXziSWkh0uysQelTlJpX1qGlpUZYm8PnO4DxG1qBomtJUdYJ6qR6xdIah10JLg=="],

    "@types/node": ["@types/node@25.3.3", "", { "dependencies": { "undici-types": "~7.18.0" } }, "sha512-DpzbrH7wIcBaJibpKo9nnSQL0MTRdnWttGyE5haGwK86xgMOkFLp7vEyfQPGLOJh5wNYiJ3V9PmUMDhV9u8kkQ=="],

    "@types/through": ["@types/through@0.0.33", "", { "dependencies": { "@types/node": "*" } }, "sha512-HsJ+z3QuETzP3cswwtzt2vEIiHBk/dCcHGhbmG5X3ecnwFD/lPrMpliGXxSCg03L9AhrdwA4Oz/qfspkDW+xGQ=="],

    "argparse": ["argparse@2.0.1", "", {}, "sha512-8+9WqebbFzpX9OR+Wa6O29asIogeRMzcGtAINdpMHHyAg10f05aSFVBbcEqGf/PXw1EjAZ+q2/bEBg3DvurK3Q=="],

    "balanced-match": ["balanced-match@4.0.4", "", {}, "sha512-BLrgEcRTwX2o6gGxGOCNyMvGSp35YofuYzw9h1IMTRmKqttAZZVU67bdb9Pr2vUHA8+j3i2tJfjO6C6+4myGTA=="],

    "bowser": ["bowser@2.14.1", "", {}, "sha512-tzPjzCxygAKWFOJP011oxFHs57HzIhOEracIgAePE4pqB3LikALKnSzUyU4MGs9/iCEUuHlAJTjTc5M+u7YEGg=="],

    "brace-expansion": ["brace-expansion@5.0.4", "", { "dependencies": { "balanced-match": "^4.0.2" } }, "sha512-h+DEnpVvxmfVefa4jFbCf5HdH5YMDXRsmKflpf1pILZWRFlTbJpxeU55nJl4Smt5HQaGzg1o6RHFPJaOqnmBDg=="],

    "chardet": ["chardet@2.1.1", "", {}, "sha512-PsezH1rqdV9VvyNhxxOW32/d75r01NY7TQCmOqomRo15ZSOKbpTFVsfjghxo6JloQUCGnH4k1LGu0R4yCLlWQQ=="],

    "cli-width": ["cli-width@4.1.0", "", {}, "sha512-ouuZd4/dm2Sw5Gmqy6bGyNNNe1qt9RpmxveLSO7KcgsTnU7RXfsw+/bukWGo1abgBiMAic068rclZsO4IWmmxQ=="],

    "commander": ["commander@14.0.3", "", {}, "sha512-H+y0Jo/T1RZ9qPP4Eh1pkcQcLRglraJaSLoyOtHxu6AapkjWVCy2Sit1QQ4x3Dng8qDlSsZEet7g5Pq06MvTgw=="],

    "consola": ["consola@3.4.2", "", {}, "sha512-5IKcdX0nnYavi6G7TtOhwkYzyjfJlatbjMjuLSfE2kYT5pMDOilZ4OvMhi637CcDICTmz3wARPoyhqyX1Y+XvA=="],

    "cross-spawn": ["cross-spawn@7.0.6", "", { "dependencies": { "path-key": "^3.1.0", "shebang-command": "^2.0.0", "which": "^2.0.1" } }, "sha512-uV2QOWP2nWzsy2aMp8aRibhi9dlzF5Hgh5SHaB9OiTGEyDTiJJyx0uy51QXdyWbtAHNua4XJzUKca3OzKUd3vA=="],

    "execa": ["execa@9.6.1", "", { "dependencies": { "@sindresorhus/merge-streams": "^4.0.0", "cross-spawn": "^7.0.6", "figures": "^6.1.0", "get-stream": "^9.0.0", "human-signals": "^8.0.1", "is-plain-obj": "^4.1.0", "is-stream": "^4.0.1", "npm-run-path": "^6.0.0", "pretty-ms": "^9.2.0", "signal-exit": "^4.1.0", "strip-final-newline": "^4.0.0", "yoctocolors": "^2.1.1" } }, "sha512-9Be3ZoN4LmYR90tUoVu2te2BsbzHfhJyfEiAVfz7N5/zv+jduIfLrV2xdQXOHbaD6KgpGdO9PRPM1Y4Q9QkPkA=="],

    "fast-string-truncated-width": ["fast-string-truncated-width@3.0.3", "", {}, "sha512-0jjjIEL6+0jag3l2XWWizO64/aZVtpiGE3t0Zgqxv0DPuxiMjvB3M24fCyhZUO4KomJQPj3LTSUnDP3GpdwC0g=="],

    "fast-string-width": ["fast-string-width@3.0.2", "", { "dependencies": { "fast-string-truncated-width": "^3.0.2" } }, "sha512-gX8LrtNEI5hq8DVUfRQMbr5lpaS4nMIWV+7XEbXk2b8kiQIizgnlr12B4dA3ZEx3308ze0O4Q1R+cHts8kyUJg=="],

    "fast-wrap-ansi": ["fast-wrap-ansi@0.2.0", "", { "dependencies": { "fast-string-width": "^3.0.2" } }, "sha512-rLV8JHxTyhVmFYhBJuMujcrHqOT2cnO5Zxj37qROj23CP39GXubJRBUFF0z8KFK77Uc0SukZUf7JZhsVEQ6n8w=="],

    "fast-xml-builder": ["fast-xml-builder@1.0.0", "", {}, "sha512-fpZuDogrAgnyt9oDDz+5DBz0zgPdPZz6D4IR7iESxRXElrlGTRkHJ9eEt+SACRJwT0FNFrt71DFQIUFBJfX/uQ=="],

    "fast-xml-parser": ["fast-xml-parser@5.4.1", "", { "dependencies": { "fast-xml-builder": "^1.0.0", "strnum": "^2.1.2" }, "bin": { "fxparser": "src/cli/cli.js" } }, "sha512-BQ30U1mKkvXQXXkAGcuyUA/GA26oEB7NzOtsxCDtyu62sjGw5QraKFhx2Em3WQNjPw9PG6MQ9yuIIgkSDfGu5A=="],

    "figures": ["figures@6.1.0", "", { "dependencies": { "is-unicode-supported": "^2.0.0" } }, "sha512-d+l3qxjSesT4V7v2fh+QnmFnUWv9lSpjarhShNTgBOfA0ttejbQUAlHLitbjkoRiDulW0OPoQPYIGhIC8ohejg=="],

    "get-stream": ["get-stream@9.0.1", "", { "dependencies": { "@sec-ant/readable-stream": "^0.4.1", "is-stream": "^4.0.1" } }, "sha512-kVCxPF3vQM/N0B1PmoqVUqgHP+EeVjmZSQn+1oCRPxd2P21P2F19lIgbR3HBosbB1PUhOAoctJnfEn2GbN2eZA=="],

    "glob": ["glob@13.0.6", "", { "dependencies": { "minimatch": "^10.2.2", "minipass": "^7.1.3", "path-scurry": "^2.0.2" } }, "sha512-Wjlyrolmm8uDpm/ogGyXZXb1Z+Ca2B8NbJwqBVg0axK9GbBeoS7yGV6vjXnYdGm6X53iehEuxxbyiKp8QmN4Vw=="],

    "human-signals": ["human-signals@8.0.1", "", {}, "sha512-eKCa6bwnJhvxj14kZk5NCPc6Hb6BdsU9DZcOnmQKSnO1VKrfV0zCvtttPZUsBvjmNDn8rpcJfpwSYnHBjc95MQ=="],

    "iconv-lite": ["iconv-lite@0.7.2", "", { "dependencies": { "safer-buffer": ">= 2.1.2 < 3.0.0" } }, "sha512-im9DjEDQ55s9fL4EYzOAv0yMqmMBSZp6G0VvFyTMPKWxiSBHUj9NW/qqLmXUwXrrM7AvqSlTCfvqRb0cM8yYqw=="],

    "inquirer": ["inquirer@13.3.0", "", { "dependencies": { "@inquirer/ansi": "^2.0.3", "@inquirer/core": "^11.1.5", "@inquirer/prompts": "^8.3.0", "@inquirer/type": "^4.0.3", "mute-stream": "^3.0.0", "run-async": "^4.0.6", "rxjs": "^7.8.2" }, "peerDependencies": { "@types/node": ">=18" }, "optionalPeers": ["@types/node"] }, "sha512-APTrZe9IhrsshL0u2PgmEMLP3CXDBjZ99xh5dR2+sryOt5R+JGL0KNuaTTT2lW54B9eNQDMutPR05UYTL7Xb1Q=="],

    "is-plain-obj": ["is-plain-obj@4.1.0", "", {}, "sha512-+Pgi+vMuUNkJyExiMBt5IlFoMyKnr5zhJ4Uspz58WOhBF5QoIZkFyNHIbBAtHwzVAgk5RtndVNsDRN61/mmDqg=="],

    "is-stream": ["is-stream@4.0.1", "", {}, "sha512-Dnz92NInDqYckGEUJv689RbRiTSEHCQ7wOVeALbkOz999YpqT46yMRIGtSNl2iCL1waAZSx40+h59NV/EwzV/A=="],

    "is-unicode-supported": ["is-unicode-supported@2.1.0", "", {}, "sha512-mE00Gnza5EEB3Ds0HfMyllZzbBrmLOX3vfWoj9A9PEnTfratQ/BcaJOuMhnkhjXvb2+FkY3VuHqtAGpTPmglFQ=="],

    "isexe": ["isexe@2.0.0", "", {}, "sha512-RHxMLp9lnKHGHRng9QFhRCMbYAcVpn69smSGcq3f36xjgVVWThj4qqLbTLlq7Ssj8B+fIQ1EuCEGI2lKsyQeIw=="],

    "js-yaml": ["js-yaml@4.1.1", "", { "dependencies": { "argparse": "^2.0.1" }, "bin": { "js-yaml": "bin/js-yaml.js" } }, "sha512-qQKT4zQxXl8lLwBtHMWwaTcGfFOZviOJet3Oy/xmGk2gZH677CJM9EvtfdSkgWcATZhj/55JZ0rmy3myCT5lsA=="],

    "lru-cache": ["lru-cache@11.2.6", "", {}, "sha512-ESL2CrkS/2wTPfuend7Zhkzo2u0daGJ/A2VucJOgQ/C48S/zB8MMeMHSGKYpXhIjbPxfuezITkaBH1wqv00DDQ=="],

    "minimatch": ["minimatch@10.2.4", "", { "dependencies": { "brace-expansion": "^5.0.2" } }, "sha512-oRjTw/97aTBN0RHbYCdtF1MQfvusSIBQM0IZEgzl6426+8jSC0nF1a/GmnVLpfB9yyr6g6FTqWqiZVbxrtaCIg=="],

    "minipass": ["minipass@7.1.3", "", {}, "sha512-tEBHqDnIoM/1rXME1zgka9g6Q2lcoCkxHLuc7ODJ5BxbP5d4c2Z5cGgtXAku59200Cx7diuHTOYfSBD8n6mm8A=="],

    "mute-stream": ["mute-stream@3.0.0", "", {}, "sha512-dkEJPVvun4FryqBmZ5KhDo0K9iDXAwn08tMLDinNdRBNPcYEDiWYysLcc6k3mjTMlbP9KyylvRpd4wFtwrT9rw=="],

    "npm-run-path": ["npm-run-path@6.0.0", "", { "dependencies": { "path-key": "^4.0.0", "unicorn-magic": "^0.3.0" } }, "sha512-9qny7Z9DsQU8Ou39ERsPU4OZQlSTP47ShQzuKZ6PRXpYLtIFgl/DEBYEXKlvcEa+9tHVcK8CF81Y2V72qaZhWA=="],

    "parse-ms": ["parse-ms@4.0.0", "", {}, "sha512-TXfryirbmq34y8QBwgqCVLi+8oA3oWx2eAnSn62ITyEhEYaWRlVZ2DvMM9eZbMs/RfxPu/PK/aBLyGj4IrqMHw=="],

    "path-key": ["path-key@3.1.1", "", {}, "sha512-ojmeN0qd+y0jszEtoY48r0Peq5dwMEkIlCOu6Q5f41lfkswXuKtYrhgoTpLnyIcHm24Uhqx+5Tqm2InSwLhE6Q=="],

    "path-scurry": ["path-scurry@2.0.2", "", { "dependencies": { "lru-cache": "^11.0.0", "minipass": "^7.1.2" } }, "sha512-3O/iVVsJAPsOnpwWIeD+d6z/7PmqApyQePUtCndjatj/9I5LylHvt5qluFaBT3I5h3r1ejfR056c+FCv+NnNXg=="],

    "prettier": ["prettier@3.8.1", "", { "bin": { "prettier": "bin/prettier.cjs" } }, "sha512-UOnG6LftzbdaHZcKoPFtOcCKztrQ57WkHDeRD9t/PTQtmT0NHSeWWepj6pS0z/N7+08BHFDQVUrfmfMRcZwbMg=="],

    "pretty-ms": ["pretty-ms@9.3.0", "", { "dependencies": { "parse-ms": "^4.0.0" } }, "sha512-gjVS5hOP+M3wMm5nmNOucbIrqudzs9v/57bWRHQWLYklXqoXKrVfYW2W9+glfGsqtPgpiz5WwyEEB+ksXIx3gQ=="],

    "run-async": ["run-async@4.0.6", "", {}, "sha512-IoDlSLTs3Yq593mb3ZoKWKXMNu3UpObxhgA/Xuid5p4bbfi2jdY1Hj0m1K+0/tEuQTxIGMhQDqGjKb7RuxGpAQ=="],

    "rxjs": ["rxjs@7.8.2", "", { "dependencies": { "tslib": "^2.1.0" } }, "sha512-dhKf903U/PQZY6boNNtAGdWbG85WAbjT/1xYoZIC7FAY0yWapOBQVsVrDl58W86//e1VpMNBtRV4MaXfdMySFA=="],

    "safer-buffer": ["safer-buffer@2.1.2", "", {}, "sha512-YZo3K82SD7Riyi0E1EQPojLz7kpepnSQI9IyPbHHg1XXXevb5dJI7tpyN2ADxGcQbHG7vcyRHk0cbwqcQriUtg=="],

    "shebang-command": ["shebang-command@2.0.0", "", { "dependencies": { "shebang-regex": "^3.0.0" } }, "sha512-kHxr2zZpYtdmrN1qDjrrX/Z1rR1kG8Dx+gkpK1G4eXmvXswmcE1hTWBWYUzlraYw1/yZp6YuDY77YtvbN0dmDA=="],

    "shebang-regex": ["shebang-regex@3.0.0", "", {}, "sha512-7++dFhtcx3353uBaq8DDR4NuxBetBzC7ZQOhmTQInHEd6bSrXdiEyzCvG07Z44UYdLShWUyXt5M/yhz8ekcb1A=="],

    "signal-exit": ["signal-exit@4.1.0", "", {}, "sha512-bzyZ1e88w9O1iNJbKnOlvYTrWPDl46O1bG0D3XInv+9tkPrxrN8jUUTiFlDkkmKWgn1M6CfIA13SuGqOa9Korw=="],

    "strip-final-newline": ["strip-final-newline@4.0.0", "", {}, "sha512-aulFJcD6YK8V1G7iRB5tigAP4TsHBZZrOV8pjV++zdUwmeV8uzbY7yn6h9MswN62adStNZFuCIx4haBnRuMDaw=="],

    "strnum": ["strnum@2.2.0", "", {}, "sha512-Y7Bj8XyJxnPAORMZj/xltsfo55uOiyHcU2tnAVzHUnSJR/KsEX+9RoDeXEnsXtl/CX4fAcrt64gZ13aGaWPeBg=="],

    "tslib": ["tslib@2.8.1", "", {}, "sha512-oJFu94HQb+KVduSUQL7wnpmqnfmLsOA/nAh6b6EH0wCEoK0/mPeXU6c3wKDV83MkOuHPRHtSXKKU99IBazS/2w=="],

    "typescript": ["typescript@5.9.3", "", { "bin": { "tsc": "bin/tsc", "tsserver": "bin/tsserver" } }, "sha512-jl1vZzPDinLr9eUt3J/t7V6FgNEw9QjvBPdysz9KfQDD41fQrC2Y4vKQdiaUpFT4bXlb1RHhLpp8wtm6M5TgSw=="],

    "undici-types": ["undici-types@7.18.2", "", {}, "sha512-AsuCzffGHJybSaRrmr5eHr81mwJU3kjw6M+uprWvCXiNeN9SOGwQ3Jn8jb8m3Z6izVgknn1R0FTCEAP2QrLY/w=="],

    "unicorn-magic": ["unicorn-magic@0.3.0", "", {}, "sha512-+QBBXBCvifc56fsbuxZQ6Sic3wqqc3WWaqxs58gvJrcOuN83HGTCwz3oS5phzU9LthRNE9VrJCFCLUgHeeFnfA=="],

    "which": ["which@2.0.2", "", { "dependencies": { "isexe": "^2.0.0" }, "bin": { "node-which": "./bin/node-which" } }, "sha512-BLI3Tl1TW3Pvl70l3yq3Y64i+awpwXqsGBYWkkqMtnbXgrMD+yj7rhW0kuEDxzJaYXGjEW5ogapKNMEKNMjibA=="],

    "yoctocolors": ["yoctocolors@2.1.2", "", {}, "sha512-CzhO+pFNo8ajLM2d2IW/R93ipy99LWjtwblvC1RsoSUMZgyLbYFr221TnSNT7GjGdYui6P459mw9JH/g/zW2ug=="],

    "@aws-crypto/sha256-browser/@smithy/util-utf8": ["@smithy/util-utf8@2.3.0", "", { "dependencies": { "@smithy/util-buffer-from": "^2.2.0", "tslib": "^2.6.2" } }, "sha512-R8Rdn8Hy72KKcebgLiv8jQcQkXoLMOGGv5uI1/k0l+snqkOzQ1R0ChUBCxWMlBsFMekWjq0wRudIweFs7sKT5A=="],

    "@aws-crypto/util/@smithy/util-utf8": ["@smithy/util-utf8@2.3.0", "", { "dependencies": { "@smithy/util-buffer-from": "^2.2.0", "tslib": "^2.6.2" } }, "sha512-R8Rdn8Hy72KKcebgLiv8jQcQkXoLMOGGv5uI1/k0l+snqkOzQ1R0ChUBCxWMlBsFMekWjq0wRudIweFs7sKT5A=="],

    "npm-run-path/path-key": ["path-key@4.0.0", "", {}, "sha512-haREypq7xkM7ErfgIyA0z+Bj4AGKlMSdlQE2jvJo6huWD1EdkKYV+G/T4nq0YEF2vgTT8kqMFKo1uHn950r4SQ=="],

    "@aws-crypto/sha256-browser/@smithy/util-utf8/@smithy/util-buffer-from": ["@smithy/util-buffer-from@2.2.0", "", { "dependencies": { "@smithy/is-array-buffer": "^2.2.0", "tslib": "^2.6.2" } }, "sha512-IJdWBbTcMQ6DA0gdNhh/BwrLkDR+ADW5Kr1aZmd4k3DIF6ezMV4R2NIAmT08wQJ3yUK82thHWmC/TnK/wpMMIA=="],

    "@aws-crypto/util/@smithy/util-utf8/@smithy/util-buffer-from": ["@smithy/util-buffer-from@2.2.0", "", { "dependencies": { "@smithy/is-array-buffer": "^2.2.0", "tslib": "^2.6.2" } }, "sha512-IJdWBbTcMQ6DA0gdNhh/BwrLkDR+ADW5Kr1aZmd4k3DIF6ezMV4R2NIAmT08wQJ3yUK82thHWmC/TnK/wpMMIA=="],

    "@aws-crypto/sha256-browser/@smithy/util-utf8/@smithy/util-buffer-from/@smithy/is-array-buffer": ["@smithy/is-array-buffer@2.2.0", "", { "dependencies": { "tslib": "^2.6.2" } }, "sha512-GGP3O9QFD24uGeAXYUjwSTXARoqpZykHadOmA8G5vfJPK0/DC67qa//0qvqrJzL1xc8WQWX7/yc7fwudjPHPhA=="],

    "@aws-crypto/util/@smithy/util-utf8/@smithy/util-buffer-from/@smithy/is-array-buffer": ["@smithy/is-array-buffer@2.2.0", "", { "dependencies": { "tslib": "^2.6.2" } }, "sha512-GGP3O9QFD24uGeAXYUjwSTXARoqpZykHadOmA8G5vfJPK0/DC67qa//0qvqrJzL1xc8WQWX7/yc7fwudjPHPhA=="],
  }
}
